
Microsoft Visual Studio Solution File, Format Version 12.00
# Visual Studio Version 17
VisualStudioVersion = 17.4.33213.308
MinimumVisualStudioVersion = 10.0.40219.1
Project("{FAE04EC0-301F-11D3-BF4B-00C04F79EFBC}") = "WebApplication4", "WebApplication4\WebApplication4.csproj", "{E2CB162B-F020-435C-B57C-52342CA53D82}"
EndProject
Global
	GlobalSection(SolutionConfigurationPlatforms) = preSolution
		Debug|Any CPU = Debug|Any CPU
		Release|Any CPU = Release|Any CPU
	EndGlobalSection
	GlobalSection(ProjectConfigurationPlatforms) = postSolution
		{E2CB162B-F020-435C-B57C-52342CA53D82}.Debug|Any CPU.ActiveCfg = Debug|Any CPU
		{E2CB162B-F020-435C-B57C-52342CA53D82}.Debug|Any CPU.Build.0 = Debug|Any CPU
		{E2CB162B-F020-435C-B57C-52342CA53D82}.Release|Any CPU.ActiveCfg = Release|Any CPU
		{E2CB162B-F020-435C-B57C-52342CA53D82}.Release|Any CPU.Build.0 = Release|Any CPU
	EndGlobalSection
	GlobalSection(SolutionProperties) = preSolution
		HideSolutionNode = FALSE
	EndGlobalSection
	GlobalSection(ExtensibilityGlobals) = postSolution
		SolutionGuid = {256CE043-20F0-4BB6-9DA5-6856F9E67C2A}
	EndGlobalSection
EndGlobal
